// !$*UTF8*$!
{
	archiveVersion = 1;
	classes = {
	};
	objectVersion = 46;
	objects = {

/* Begin PBXBuildFile section */
		3D07709B18FDAF73008489E2 /* FCSampleViewController.m in Sources */ = {isa = PBXBuildFile; fileRef = 3D07709918FDAF73008489E2 /* FCSampleViewController.m */; };
		3D07709C18FDAF73008489E2 /* FCSampleViewController.xib in Resources */ = {isa = PBXBuildFile; fileRef = 3D07709A18FDAF73008489E2 /* FCSampleViewController.xib */; };
		3D1EEBBC18DBA1EF0076D428 /* Foundation.framework in Frameworks */ = {isa = PBXBuildFile; fileRef = 3D1EEBBB18DBA1EF0076D428 /* Foundation.framework */; };
		3D1EEBBE18DBA1EF0076D428 /* CoreGraphics.framework in Frameworks */ = {isa = PBXBuildFile; fileRef = 3D1EEBBD18DBA1EF0076D428 /* CoreGraphics.framework */; };
		3D1EEBC018DBA1EF0076D428 /* UIKit.framework in Frameworks */ = {isa = PBXBuildFile; fileRef = 3D1EEBBF18DBA1EF0076D428 /* UIKit.framework */; };
		3D1EEBC618DBA1EF0076D428 /* InfoPlist.strings in Resources */ = {isa = PBXBuildFile; fileRef = 3D1EEBC418DBA1EF0076D428 /* InfoPlist.strings */; };
		3D1EEBC818DBA1EF0076D428 /* main.m in Sources */ = {isa = PBXBuildFile; fileRef = 3D1EEBC718DBA1EF0076D428 /* main.m */; };
		3D1EEBCC18DBA1EF0076D428 /* FCAppDelegate.m in Sources */ = {isa = PBXBuildFile; fileRef = 3D1EEBCB18DBA1EF0076D428 /* FCAppDelegate.m */; };
		3D1EEBCE18DBA1EF0076D428 /* Images.xcassets in Resources */ = {isa = PBXBuildFile; fileRef = 3D1EEBCD18DBA1EF0076D428 /* Images.xcassets */; };
		3D1EEBD518DBA1EF0076D428 /* XCTest.framework in Frameworks */ = {isa = PBXBuildFile; fileRef = 3D1EEBD418DBA1EF0076D428 /* XCTest.framework */; };
		3D1EEBD618DBA1EF0076D428 /* Foundation.framework in Frameworks */ = {isa = PBXBuildFile; fileRef = 3D1EEBBB18DBA1EF0076D428 /* Foundation.framework */; };
		3D1EEBD718DBA1EF0076D428 /* UIKit.framework in Frameworks */ = {isa = PBXBuildFile; fileRef = 3D1EEBBF18DBA1EF0076D428 /* UIKit.framework */; };
		3D1EEBDF18DBA1EF0076D428 /* InfoPlist.strings in Resources */ = {isa = PBXBuildFile; fileRef = 3D1EEBDD18DBA1EF0076D428 /* InfoPlist.strings */; };
		3D1EEBE118DBA1EF0076D428 /* FCDynamicPanesNavigationControllerDemoTests.m in Sources */ = {isa = PBXBuildFile; fileRef = 3D1EEBE018DBA1EF0076D428 /* FCDynamicPanesNavigationControllerDemoTests.m */; };
		3D1EEBEF18DBA20D0076D428 /* FCDynamicPanesNavigationController.m in Sources */ = {isa = PBXBuildFile; fileRef = 3D1EEBEC18DBA20D0076D428 /* FCDynamicPanesNavigationController.m */; };
		3D1EEBF018DBA20D0076D428 /* FCDynamicPane.m in Sources */ = {isa = PBXBuildFile; fileRef = 3D1EEBEE18DBA20D0076D428 /* FCDynamicPane.m */; };
		3D1EEBF818DBA9E70076D428 /* LICENSE in Resources */ = {isa = PBXBuildFile; fileRef = 3D1EEBF718DBA9E70076D428 /* LICENSE */; };
		F64F9B05540D45C2BB2837A0 /* libPods.a in Frameworks */ = {isa = PBXBuildFile; fileRef = A0EFF96464034C0FAA2D5C36 /* libPods.a */; };
/* End PBXBuildFile section */

/* Begin PBXContainerItemProxy section */
		3D1EEBD818DBA1EF0076D428 /* PBXContainerItemProxy */ = {
			isa = PBXContainerItemProxy;
			containerPortal = 3D1EEBB018DBA1EE0076D428 /* Project object */;
			proxyType = 1;
			remoteGlobalIDString = 3D1EEBB718DBA1EF0076D428;
			remoteInfo = FCDynamicPanesNavigationControllerDemo;
		};
/* End PBXContainerItemProxy section */

/* Begin PBXFileReference section */
		3D07709818FDAF73008489E2 /* FCSampleViewController.h */ = {isa = PBXFileReference; fileEncoding = 4; lastKnownFileType = sourcecode.c.h; path = FCSampleViewController.h; sourceTree = "<group>"; };
		3D07709918FDAF73008489E2 /* FCSampleViewController.m */ = {isa = PBXFileReference; fileEncoding = 4; lastKnownFileType = sourcecode.c.objc; path = FCSampleViewController.m; sourceTree = "<group>"; };
		3D07709A18FDAF73008489E2 /* FCSampleViewController.xib */ = {isa = PBXFileReference; fileEncoding = 4; lastKnownFileType = file.xib; path = FCSampleViewController.xib; sourceTree = "<group>"; };
		3D1EEBB818DBA1EF0076D428 /* FCDynamicPanesNavigationControllerDemo.app */ = {isa = PBXFileReference; explicitFileType = wrapper.application; includeInIndex = 0; path = FCDynamicPanesNavigationControllerDemo.app; sourceTree = BUILT_PRODUCTS_DIR; };
		3D1EEBBB18DBA1EF0076D428 /* Foundation.framework */ = {isa = PBXFileReference; lastKnownFileType = wrapper.framework; name = Foundation.framework; path = System/Library/Frameworks/Foundation.framework; sourceTree = SDKROOT; };
		3D1EEBBD18DBA1EF0076D428 /* CoreGraphics.framework */ = {isa = PBXFileReference; lastKnownFileType = wrapper.framework; name = CoreGraphics.framework; path = System/Library/Frameworks/CoreGraphics.framework; sourceTree = SDKROOT; };
		3D1EEBBF18DBA1EF0076D428 /* UIKit.framework */ = {isa = PBXFileReference; lastKnownFileType = wrapper.framework; name = UIKit.framework; path = System/Library/Frameworks/UIKit.framework; sourceTree = SDKROOT; };
		3D1EEBC318DBA1EF0076D428 /* FCDynamicPanesNavigationControllerDemo-Info.plist */ = {isa = PBXFileReference; lastKnownFileType = text.plist.xml; path = "FCDynamicPanesNavigationControllerDemo-Info.plist"; sourceTree = "<group>"; };
		3D1EEBC518DBA1EF0076D428 /* en */ = {isa = PBXFileReference; lastKnownFileType = text.plist.strings; name = en; path = en.lproj/InfoPlist.strings; sourceTree = "<group>"; };
		3D1EEBC718DBA1EF0076D428 /* main.m */ = {isa = PBXFileReference; lastKnownFileType = sourcecode.c.objc; path = main.m; sourceTree = "<group>"; };
		3D1EEBC918DBA1EF0076D428 /* FCDynamicPanesNavigationControllerDemo-Prefix.pch */ = {isa = PBXFileReference; lastKnownFileType = sourcecode.c.h; path = "FCDynamicPanesNavigationControllerDemo-Prefix.pch"; sourceTree = "<group>"; };
		3D1EEBCA18DBA1EF0076D428 /* FCAppDelegate.h */ = {isa = PBXFileReference; lastKnownFileType = sourcecode.c.h; path = FCAppDelegate.h; sourceTree = "<group>"; };
		3D1EEBCB18DBA1EF0076D428 /* FCAppDelegate.m */ = {isa = PBXFileReference; lastKnownFileType = sourcecode.c.objc; path = FCAppDelegate.m; sourceTree = "<group>"; };
		3D1EEBCD18DBA1EF0076D428 /* Images.xcassets */ = {isa = PBXFileReference; lastKnownFileType = folder.assetcatalog; path = Images.xcassets; sourceTree = "<group>"; };
		3D1EEBD318DBA1EF0076D428 /* FCDynamicPanesNavigationControllerDemoTests.xctest */ = {isa = PBXFileReference; explicitFileType = wrapper.cfbundle; includeInIndex = 0; path = FCDynamicPanesNavigationControllerDemoTests.xctest; sourceTree = BUILT_PRODUCTS_DIR; };
		3D1EEBD418DBA1EF0076D428 /* XCTest.framework */ = {isa = PBXFileReference; lastKnownFileType = wrapper.framework; name = XCTest.framework; path = Library/Frameworks/XCTest.framework; sourceTree = DEVELOPER_DIR; };
		3D1EEBDC18DBA1EF0076D428 /* FCDynamicPanesNavigationControllerDemoTests-Info.plist */ = {isa = PBXFileReference; lastKnownFileType = text.plist.xml; path = "FCDynamicPanesNavigationControllerDemoTests-Info.plist"; sourceTree = "<group>"; };
		3D1EEBDE18DBA1EF0076D428 /* en */ = {isa = PBXFileReference; lastKnownFileType = text.plist.strings; name = en; path = en.lproj/InfoPlist.strings; sourceTree = "<group>"; };
		3D1EEBE018DBA1EF0076D428 /* FCDynamicPanesNavigationControllerDemoTests.m */ = {isa = PBXFileReference; lastKnownFileType = sourcecode.c.objc; path = FCDynamicPanesNavigationControllerDemoTests.m; sourceTree = "<group>"; };
		3D1EEBEB18DBA20D0076D428 /* FCDynamicPanesNavigationController.h */ = {isa = PBXFileReference; fileEncoding = 4; lastKnownFileType = sourcecode.c.h; path = FCDynamicPanesNavigationController.h; sourceTree = "<group>"; };
		3D1EEBEC18DBA20D0076D428 /* FCDynamicPanesNavigationController.m */ = {isa = PBXFileReference; fileEncoding = 4; lastKnownFileType = sourcecode.c.objc; path = FCDynamicPanesNavigationController.m; sourceTree = "<group>"; };
		3D1EEBED18DBA20D0076D428 /* FCDynamicPane.h */ = {isa = PBXFileReference; fileEncoding = 4; lastKnownFileType = sourcecode.c.h; path = FCDynamicPane.h; sourceTree = "<group>"; };
		3D1EEBEE18DBA20D0076D428 /* FCDynamicPane.m */ = {isa = PBXFileReference; fileEncoding = 4; lastKnownFileType = sourcecode.c.objc; path = FCDynamicPane.m; sourceTree = "<group>"; };
		3D1EEBF718DBA9E70076D428 /* LICENSE */ = {isa = PBXFileReference; fileEncoding = 4; lastKnownFileType = text; path = LICENSE; sourceTree = SOURCE_ROOT; };
		A0EFF96464034C0FAA2D5C36 /* libPods.a */ = {isa = PBXFileReference; explicitFileType = archive.ar; includeInIndex = 0; path = libPods.a; sourceTree = BUILT_PRODUCTS_DIR; };
		A5F4C4F9122047599AC37CF3 /* Pods.xcconfig */ = {isa = PBXFileReference; includeInIndex = 1; lastKnownFileType = text.xcconfig; name = Pods.xcconfig; path = Pods/Pods.xcconfig; sourceTree = "<group>"; };
/* End PBXFileReference section */

/* Begin PBXFrameworksBuildPhase section */
		3D1EEBB518DBA1EF0076D428 /* Frameworks */ = {
			isa = PBXFrameworksBuildPhase;
			buildActionMask = 2147483647;
			files = (
				3D1EEBBE18DBA1EF0076D428 /* CoreGraphics.framework in Frameworks */,
				3D1EEBC018DBA1EF0076D428 /* UIKit.framework in Frameworks */,
				3D1EEBBC18DBA1EF0076D428 /* Foundation.framework in Frameworks */,
				F64F9B05540D45C2BB2837A0 /* libPods.a in Frameworks */,
			);
			runOnlyForDeploymentPostprocessing = 0;
		};
		3D1EEBD018DBA1EF0076D428 /* Frameworks */ = {
			isa = PBXFrameworksBuildPhase;
			buildActionMask = 2147483647;
			files = (
				3D1EEBD518DBA1EF0076D428 /* XCTest.framework in Frameworks */,
				3D1EEBD718DBA1EF0076D428 /* UIKit.framework in Frameworks */,
				3D1EEBD618DBA1EF0076D428 /* Foundation.framework in Frameworks */,
			);
			runOnlyForDeploymentPostprocessing = 0;
		};
/* End PBXFrameworksBuildPhase section */

/* Begin PBXGroup section */
		3D1EEBAF18DBA1EE0076D428 = {
			isa = PBXGroup;
			children = (
				3D1EEBC118DBA1EF0076D428 /* FCDynamicPanesNavigationControllerDemo */,
				3D1EEBDA18DBA1EF0076D428 /* FCDynamicPanesNavigationControllerDemoTests */,
				3D1EEBBA18DBA1EF0076D428 /* Frameworks */,
				3D1EEBB918DBA1EF0076D428 /* Products */,
				A5F4C4F9122047599AC37CF3 /* Pods.xcconfig */,
			);
			sourceTree = "<group>";
		};
		3D1EEBB918DBA1EF0076D428 /* Products */ = {
			isa = PBXGroup;
			children = (
				3D1EEBB818DBA1EF0076D428 /* FCDynamicPanesNavigationControllerDemo.app */,
				3D1EEBD318DBA1EF0076D428 /* FCDynamicPanesNavigationControllerDemoTests.xctest */,
			);
			name = Products;
			sourceTree = "<group>";
		};
		3D1EEBBA18DBA1EF0076D428 /* Frameworks */ = {
			isa = PBXGroup;
			children = (
				3D1EEBBB18DBA1EF0076D428 /* Foundation.framework */,
				3D1EEBBD18DBA1EF0076D428 /* CoreGraphics.framework */,
				3D1EEBBF18DBA1EF0076D428 /* UIKit.framework */,
				3D1EEBD418DBA1EF0076D428 /* XCTest.framework */,
				A0EFF96464034C0FAA2D5C36 /* libPods.a */,
			);
			name = Frameworks;
			sourceTree = "<group>";
		};
		3D1EEBC118DBA1EF0076D428 /* FCDynamicPanesNavigationControllerDemo */ = {
			isa = PBXGroup;
			children = (
				3D1EEBEA18DBA20D0076D428 /* FCDynamicPanesNavigationController */,
				3D1EEBCA18DBA1EF0076D428 /* FCAppDelegate.h */,
				3D1EEBCB18DBA1EF0076D428 /* FCAppDelegate.m */,
				3D07709818FDAF73008489E2 /* FCSampleViewController.h */,
				3D07709918FDAF73008489E2 /* FCSampleViewController.m */,
				3D07709A18FDAF73008489E2 /* FCSampleViewController.xib */,
				3D1EEBCD18DBA1EF0076D428 /* Images.xcassets */,
				3D1EEBF718DBA9E70076D428 /* LICENSE */,
				3D1EEBC218DBA1EF0076D428 /* Supporting Files */,
			);
			path = FCDynamicPanesNavigationControllerDemo;
			sourceTree = "<group>";
		};
		3D1EEBC218DBA1EF0076D428 /* Supporting Files */ = {
			isa = PBXGroup;
			children = (
				3D1EEBC318DBA1EF0076D428 /* FCDynamicPanesNavigationControllerDemo-Info.plist */,
				3D1EEBC418DBA1EF0076D428 /* InfoPlist.strings */,
				3D1EEBC718DBA1EF0076D428 /* main.m */,
				3D1EEBC918DBA1EF0076D428 /* FCDynamicPanesNavigationControllerDemo-Prefix.pch */,
			);
			name = "Supporting Files";
			sourceTree = "<group>";
		};
		3D1EEBDA18DBA1EF0076D428 /* FCDynamicPanesNavigationControllerDemoTests */ = {
			isa = PBXGroup;
			children = (
				3D1EEBE018DBA1EF0076D428 /* FCDynamicPanesNavigationControllerDemoTests.m */,
				3D1EEBDB18DBA1EF0076D428 /* Supporting Files */,
			);
			path = FCDynamicPanesNavigationControllerDemoTests;
			sourceTree = "<group>";
		};
		3D1EEBDB18DBA1EF0076D428 /* Supporting Files */ = {
			isa = PBXGroup;
			children = (
				3D1EEBDC18DBA1EF0076D428 /* FCDynamicPanesNavigationControllerDemoTests-Info.plist */,
				3D1EEBDD18DBA1EF0076D428 /* InfoPlist.strings */,
			);
			name = "Supporting Files";
			sourceTree = "<group>";
		};
		3D1EEBEA18DBA20D0076D428 /* FCDynamicPanesNavigationController */ = {
			isa = PBXGroup;
			children = (
				3D1EEBEB18DBA20D0076D428 /* FCDynamicPanesNavigationController.h */,
				3D1EEBEC18DBA20D0076D428 /* FCDynamicPanesNavigationController.m */,
				3D1EEBED18DBA20D0076D428 /* FCDynamicPane.h */,
				3D1EEBEE18DBA20D0076D428 /* FCDynamicPane.m */,
			);
			name = FCDynamicPanesNavigationController;
			path = ../FCDynamicPanesNavigationController;
			sourceTree = "<group>";
		};
/* End PBXGroup section */

/* Begin PBXNativeTarget section */
		3D1EEBB718DBA1EF0076D428 /* FCDynamicPanesNavigationControllerDemo */ = {
			isa = PBXNativeTarget;
			buildConfigurationList = 3D1EEBE418DBA1EF0076D428 /* Build configuration list for PBXNativeTarget "FCDynamicPanesNavigationControllerDemo" */;
			buildPhases = (
				D063120888B24D06A2223ADC /* Check Pods Manifest.lock */,
				3D1EEBB418DBA1EF0076D428 /* Sources */,
				3D1EEBB518DBA1EF0076D428 /* Frameworks */,
				3D1EEBB618DBA1EF0076D428 /* Resources */,
				FE3DC77F9C6549518D0972B1 /* Copy Pods Resources */,
			);
			buildRules = (
			);
			dependencies = (
			);
			name = FCDynamicPanesNavigationControllerDemo;
			productName = FCDynamicPanesNavigationControllerDemo;
			productReference = 3D1EEBB818DBA1EF0076D428 /* FCDynamicPanesNavigationControllerDemo.app */;
			productType = "com.apple.product-type.application";
		};
		3D1EEBD218DBA1EF0076D428 /* FCDynamicPanesNavigationControllerDemoTests */ = {
			isa = PBXNativeTarget;
			buildConfigurationList = 3D1EEBE718DBA1EF0076D428 /* Build configuration list for PBXNativeTarget "FCDynamicPanesNavigationControllerDemoTests" */;
			buildPhases = (
				3D1EEBCF18DBA1EF0076D428 /* Sources */,
				3D1EEBD018DBA1EF0076D428 /* Frameworks */,
				3D1EEBD118DBA1EF0076D428 /* Resources */,
			);
			buildRules = (
			);
			dependencies = (
				3D1EEBD918DBA1EF0076D428 /* PBXTargetDependency */,
			);
			name = FCDynamicPanesNavigationControllerDemoTests;
			productName = FCDynamicPanesNavigationControllerDemoTests;
			productReference = 3D1EEBD318DBA1EF0076D428 /* FCDynamicPanesNavigationControllerDemoTests.xctest */;
			productType = "com.apple.product-type.bundle.unit-test";
		};
/* End PBXNativeTarget section */

/* Begin PBXProject section */
		3D1EEBB018DBA1EE0076D428 /* Project object */ = {
			isa = PBXProject;
			attributes = {
				CLASSPREFIX = FC;
				LastUpgradeCheck = 0510;
				ORGANIZATIONNAME = Indri;
				TargetAttributes = {
					3D1EEBD218DBA1EF0076D428 = {
						TestTargetID = 3D1EEBB718DBA1EF0076D428;
					};
				};
			};
			buildConfigurationList = 3D1EEBB318DBA1EE0076D428 /* Build configuration list for PBXProject "FCDynamicPanesNavigationControllerDemo" */;
			compatibilityVersion = "Xcode 3.2";
			developmentRegion = English;
			hasScannedForEncodings = 0;
			knownRegions = (
				en,
			);
			mainGroup = 3D1EEBAF18DBA1EE0076D428;
			productRefGroup = 3D1EEBB918DBA1EF0076D428 /* Products */;
			projectDirPath = "";
			projectRoot = "";
			targets = (
				3D1EEBB718DBA1EF0076D428 /* FCDynamicPanesNavigationControllerDemo */,
				3D1EEBD218DBA1EF0076D428 /* FCDynamicPanesNavigationControllerDemoTests */,
			);
		};
/* End PBXProject section */

/* Begin PBXResourcesBuildPhase section */
		3D1EEBB618DBA1EF0076D428 /* Resources */ = {
			isa = PBXResourcesBuildPhase;
			buildActionMask = 2147483647;
			files = (
				3D1EEBF818DBA9E70076D428 /* LICENSE in Resources */,
				3D07709C18FDAF73008489E2 /* FCSampleViewController.xib in Resources */,
				3D1EEBC618DBA1EF0076D428 /* InfoPlist.strings in Resources */,
				3D1EEBCE18DBA1EF0076D428 /* Images.xcassets in Resources */,
			);
			runOnlyForDeploymentPostprocessing = 0;
		};
		3D1EEBD118DBA1EF0076D428 /* Resources */ = {
			isa = PBXResourcesBuildPhase;
			buildActionMask = 2147483647;
			files = (
				3D1EEBDF18DBA1EF0076D428 /* InfoPlist.strings in Resources */,
			);
			runOnlyForDeploymentPostprocessing = 0;
		};
/* End PBXResourcesBuildPhase section */

/* Begin PBXShellScriptBuildPhase section */
		D063120888B24D06A2223ADC /* Check Pods Manifest.lock */ = {
			isa = PBXShellScriptBuildPhase;
			buildActionMask = 2147483647;
			files = (
			);
			inputPaths = (
			);
			name = "Check Pods Manifest.lock";
			outputPaths = (
			);
			runOnlyForDeploymentPostprocessing = 0;
			shellPath = /bin/sh;
			shellScript = "diff \"${PODS_ROOT}/../Podfile.lock\" \"${PODS_ROOT}/Manifest.lock\" > /dev/null\nif [[ $? != 0 ]] ; then\n    cat << EOM\nerror: The sandbox is not in sync with the Podfile.lock. Run 'pod install' or update your CocoaPods installation.\nEOM\n    exit 1\nfi\n";
			showEnvVarsInLog = 0;
		};
		FE3DC77F9C6549518D0972B1 /* Copy Pods Resources */ = {
			isa = PBXShellScriptBuildPhase;
			buildActionMask = 2147483647;
			files = (
			);
			inputPaths = (
			);
			name = "Copy Pods Resources";
			outputPaths = (
			);
			runOnlyForDeploymentPostprocessing = 0;
			shellPath = /bin/sh;
			shellScript = "\"${SRCROOT}/Pods/Pods-resources.sh\"\n";
			showEnvVarsInLog = 0;
		};
/* End PBXShellScriptBuildPhase section */

/* Begin PBXSourcesBuildPhase section */
		3D1EEBB418DBA1EF0076D428 /* Sources */ = {
			isa = PBXSourcesBuildPhase;
			buildActionMask = 2147483647;
			files = (
				3D1EEBC818DBA1EF0076D428 /* main.m in Sources */,
				3D07709B18FDAF73008489E2 /* FCSampleViewController.m in Sources */,
				3D1EEBEF18DBA20D0076D428 /* FCDynamicPanesNavigationController.m in Sources */,
				3D1EEBCC18DBA1EF0076D428 /* FCAppDelegate.m in Sources */,
				3D1EEBF018DBA20D0076D428 /* FCDynamicPane.m in Sources */,
			);
			runOnlyForDeploymentPostprocessing = 0;
		};
		3D1EEBCF18DBA1EF0076D428 /* Sources */ = {
			isa = PBXSourcesBuildPhase;
			buildActionMask = 2147483647;
			files = (
				3D1EEBE118DBA1EF0076D428 /* FCDynamicPanesNavigationControllerDemoTests.m in Sources */,
			);
			runOnlyForDeploymentPostprocessing = 0;
		};
/* End PBXSourcesBuildPhase section */

/* Begin PBXTargetDependency section */
		3D1EEBD918DBA1EF0076D428 /* PBXTargetDependency */ = {
			isa = PBXTargetDependency;
			target = 3D1EEBB718DBA1EF0076D428 /* FCDynamicPanesNavigationControllerDemo */;
			targetProxy = 3D1EEBD818DBA1EF0076D428 /* PBXContainerItemProxy */;
		};
/* End PBXTargetDependency section */

/* Begin PBXVariantGroup section */
		3D1EEBC418DBA1EF0076D428 /* InfoPlist.strings */ = {
			isa = PBXVariantGroup;
			children = (
				3D1EEBC518DBA1EF0076D428 /* en */,
			);
			name = InfoPlist.strings;
			sourceTree = "<group>";
		};
		3D1EEBDD18DBA1EF0076D428 /* InfoPlist.strings */ = {
			isa = PBXVariantGroup;
			children = (
				3D1EEBDE18DBA1EF0076D428 /* en */,
			);
			name = InfoPlist.strings;
			sourceTree = "<group>";
		};
/* End PBXVariantGroup section */

/* Begin XCBuildConfiguration section */
		3D1EEBE218DBA1EF0076D428 /* Debug */ = {
			isa = XCBuildConfiguration;
			buildSettings = {
				ALWAYS_SEARCH_USER_PATHS = NO;
				CLANG_CXX_LANGUAGE_STANDARD = "gnu++0x";
				CLANG_CXX_LIBRARY = "libc++";
				CLANG_ENABLE_MODULES = YES;
				CLANG_ENABLE_OBJC_ARC = YES;
				CLANG_WARN_BOOL_CONVERSION = YES;
				CLANG_WARN_CONSTANT_CONVERSION = YES;
				CLANG_WARN_DIRECT_OBJC_ISA_USAGE = YES_ERROR;
				CLANG_WARN_EMPTY_BODY = YES;
				CLANG_WARN_ENUM_CONVERSION = YES;
				CLANG_WARN_INT_CONVERSION = YES;
				CLANG_WARN_OBJC_ROOT_CLASS = YES_ERROR;
				CLANG_WARN__DUPLICATE_METHOD_MATCH = YES;
				"CODE_SIGN_IDENTITY[sdk=iphoneos*]" = "iPhone Developer";
				COPY_PHASE_STRIP = NO;
				GCC_C_LANGUAGE_STANDARD = gnu99;
				GCC_DYNAMIC_NO_PIC = NO;
				GCC_OPTIMIZATION_LEVEL = 0;
				GCC_PREPROCESSOR_DEFINITIONS = (
					"DEBUG=1",
					"$(inherited)",
				);
				GCC_SYMBOLS_PRIVATE_EXTERN = NO;
				GCC_WARN_64_TO_32_BIT_CONVERSION = YES;
				GCC_WARN_ABOUT_RETURN_TYPE = YES_ERROR;
				GCC_WARN_UNDECLARED_SELECTOR = YES;
				GCC_WARN_UNINITIALIZED_AUTOS = YES_AGGRESSIVE;
				GCC_WARN_UNUSED_FUNCTION = YES;
				GCC_WARN_UNUSED_VARIABLE = YES;
				IPHONEOS_DEPLOYMENT_TARGET = 7.1;
				ONLY_ACTIVE_ARCH = YES;
				SDKROOT = iphoneos;
			};
			name = Debug;
		};
		3D1EEBE318DBA1EF0076D428 /* Release */ = {
			isa = XCBuildConfiguration;
			buildSettings = {
				ALWAYS_SEARCH_USER_PATHS = NO;
				CLANG_CXX_LANGUAGE_STANDARD = "gnu++0x";
				CLANG_CXX_LIBRARY = "libc++";
				CLANG_ENABLE_MODULES = YES;
				CLANG_ENABLE_OBJC_ARC = YES;
				CLANG_WARN_BOOL_CONVERSION = YES;
				CLANG_WARN_CONSTANT_CONVERSION = YES;
				CLANG_WARN_DIRECT_OBJC_ISA_USAGE = YES_ERROR;
				CLANG_WARN_EMPTY_BODY = YES;
				CLANG_WARN_ENUM_CONVERSION = YES;
				CLANG_WARN_INT_CONVERSION = YES;
				CLANG_WARN_OBJC_ROOT_CLASS = YES_ERROR;
				CLANG_WARN__DUPLICATE_METHOD_MATCH = YES;
				"CODE_SIGN_IDENTITY[sdk=iphoneos*]" = "iPhone Developer";
				COPY_PHASE_STRIP = YES;
				ENABLE_NS_ASSERTIONS = NO;
				GCC_C_LANGUAGE_STANDARD = gnu99;
				GCC_WARN_64_TO_32_BIT_CONVERSION = YES;
				GCC_WARN_ABOUT_RETURN_TYPE = YES_ERROR;
				GCC_WARN_UNDECLARED_SELECTOR = YES;
				GCC_WARN_UNINITIALIZED_AUTOS = YES_AGGRESSIVE;
				GCC_WARN_UNUSED_FUNCTION = YES;
				GCC_WARN_UNUSED_VARIABLE = YES;
				IPHONEOS_DEPLOYMENT_TARGET = 7.1;
				SDKROOT = iphoneos;
				VALIDATE_PRODUCT = YES;
			};
			name = Release;
		};
		3D1EEBE518DBA1EF0076D428 /* Debug */ = {
			isa = XCBuildConfiguration;
			baseConfigurationReference = A5F4C4F9122047599AC37CF3 /* Pods.xcconfig */;
			buildSettings = {
				ASSETCATALOG_COMPILER_APPICON_NAME = AppIcon;
				ASSETCATALOG_COMPILER_LAUNCHIMAGE_NAME = LaunchImage;
				CODE_SIGN_IDENTITY = "iPhone Developer: Florent Crivello (4HZ8C4658N)";
				GCC_PRECOMPILE_PREFIX_HEADER = YES;
				GCC_PREFIX_HEADER = "FCDynamicPanesNavigationControllerDemo/FCDynamicPanesNavigationControllerDemo-Prefix.pch";
				INFOPLIST_FILE = "FCDynamicPanesNavigationControllerDemo/FCDynamicPanesNavigationControllerDemo-Info.plist";
				IPHONEOS_DEPLOYMENT_TARGET = 7.0;
				PRODUCT_NAME = "$(TARGET_NAME)";
				PROVISIONING_PROFILE = "220C5F2A-407C-4290-9030-0C1FA1E8035C";
				SDKROOT = iphoneos7.1;
				WRAPPER_EXTENSION = app;
			};
			name = Debug;
		};
		3D1EEBE618DBA1EF0076D428 /* Release */ = {
			isa = XCBuildConfiguration;
			baseConfigurationReference = A5F4C4F9122047599AC37CF3 /* Pods.xcconfig */;
			buildSettings = {
				ASSETCATALOG_COMPILER_APPICON_NAME = AppIcon;
				ASSETCATALOG_COMPILER_LAUNCHIMAGE_NAME = LaunchImage;
				CODE_SIGN_IDENTITY = "iPhone Developer: Florent Crivello (4HZ8C4658N)";
				GCC_PRECOMPILE_PREFIX_HEADER = YES;
				GCC_PREFIX_HEADER = "FCDynamicPanesNavigationControllerDemo/FCDynamicPanesNavigationControllerDemo-Prefix.pch";
				INFOPLIST_FILE = "FCDynamicPanesNavigationControllerDemo/FCDynamicPanesNavigationControllerDemo-Info.plist";
				IPHONEOS_DEPLOYMENT_TARGET = 7.0;
				PRODUCT_NAME = "$(TARGET_NAME)";
				PROVISIONING_PROFILE = "220C5F2A-407C-4290-9030-0C1FA1E8035C";
				SDKROOT = iphoneos7.1;
				WRAPPER_EXTENSION = app;
			};
			name = Release;
		};
		3D1EEBE818DBA1EF0076D428 /* Debug */ = {
			isa = XCBuildConfiguration;
			buildSettings = {
				BUNDLE_LOADER = "$(BUILT_PRODUCTS_DIR)/FCDynamicPanesNavigationControllerDemo.app/FCDynamicPanesNavigationControllerDemo";
				FRAMEWORK_SEARCH_PATHS = (
					"$(SDKROOT)/Developer/Library/Frameworks",
					"$(inherited)",
					"$(DEVELOPER_FRAMEWORKS_DIR)",
				);
				GCC_PRECOMPILE_PREFIX_HEADER = YES;
				GCC_PREFIX_HEADER = "FCDynamicPanesNavigationControllerDemo/FCDynamicPanesNavigationControllerDemo-Prefix.pch";
				GCC_PREPROCESSOR_DEFINITIONS = (
					"DEBUG=1",
					"$(inherited)",
				);
				INFOPLIST_FILE = "FCDynamicPanesNavigationControllerDemoTests/FCDynamicPanesNavigationControllerDemoTests-Info.plist";
				PRODUCT_NAME = "$(TARGET_NAME)";
				TEST_HOST = "$(BUNDLE_LOADER)";
				WRAPPER_EXTENSION = xctest;
			};
			name = Debug;
		};
		3D1EEBE918DBA1EF0076D428 /* Release */ = {
			isa = XCBuildConfiguration;
			buildSettings = {
				BUNDLE_LOADER = "$(BUILT_PRODUCTS_DIR)/FCDynamicPanesNavigationControllerDemo.app/FCDynamicPanesNavigationControllerDemo";
				FRAMEWORK_SEARCH_PATHS = (
					"$(SDKROOT)/Developer/Library/Frameworks",
					"$(inherited)",
					"$(DEVELOPER_FRAMEWORKS_DIR)",
				);
				GCC_PRECOMPILE_PREFIX_HEADER = YES;
				GCC_PREFIX_HEADER = "FCDynamicPanesNavigationControllerDemo/FCDynamicPanesNavigationControllerDemo-Prefix.pch";
				INFOPLIST_FILE = "FCDynamicPanesNavigationControllerDemoTests/FCDynamicPanesNavigationControllerDemoTests-Info.plist";
				PRODUCT_NAME = "$(TARGET_NAME)";
				TEST_HOST = "$(BUNDLE_LOADER)";
				WRAPPER_EXTENSION = xctest;
			};
			name = Release;
		};
/* End XCBuildConfiguration section */

/* Begin XCConfigurationList section */
		3D1EEBB318DBA1EE0076D428 /* Build configuration list for PBXProject "FCDynamicPanesNavigationControllerDemo" */ = {
			isa = XCConfigurationList;
			buildConfigurations = (
				3D1EEBE218DBA1EF0076D428 /* Debug */,
				3D1EEBE318DBA1EF0076D428 /* Release */,
			);
			defaultConfigurationIsVisible = 0;
			defaultConfigurationName = Release;
		};
		3D1EEBE418DBA1EF0076D428 /* Build configuration list for PBXNativeTarget "FCDynamicPanesNavigationControllerDemo" */ = {
			isa = XCConfigurationList;
			buildConfigurations = (
				3D1EEBE518DBA1EF0076D428 /* Debug */,
				3D1EEBE618DBA1EF0076D428 /* Release */,
			);
			defaultConfigurationIsVisible = 0;
			defaultConfigurationName = Release;
		};
		3D1EEBE718DBA1EF0076D428 /* Build configuration list for PBXNativeTarget "FCDynamicPanesNavigationControllerDemoTests" */ = {
			isa = XCConfigurationList;
			buildConfigurations = (
				3D1EEBE818DBA1EF0076D428 /* Debug */,
				3D1EEBE918DBA1EF0076D428 /* Release */,
			);
			defaultConfigurationIsVisible = 0;
			defaultConfigurationName = Release;
		};
/* End XCConfigurationList section */
	};
	rootObject = 3D1EEBB018DBA1EE0076D428 /* Project object */;
}
